
Microsoft Visual Studio Solution File, Format Version 12.00
# Visual Studio Version 17
VisualStudioVersion = 17.5.33516.290
MinimumVisualStudioVersion = 10.0.40219.1
Project("{FAE04EC0-301F-11D3-BF4B-00C04F79EFBC}") = "aula02yt", "aula02yt\aula02yt.csproj", "{787EE533-AF68-40E3-A7B6-01355E4B64A4}"
EndProject
Global
	GlobalSection(SolutionConfigurationPlatforms) = preSolution
		Debug|Any CPU = Debug|Any CPU
		Release|Any CPU = Release|Any CPU
	EndGlobalSection
	GlobalSection(ProjectConfigurationPlatforms) = postSolution
		{787EE533-AF68-40E3-A7B6-01355E4B64A4}.Debug|Any CPU.ActiveCfg = Debug|Any CPU
		{787EE533-AF68-40E3-A7B6-01355E4B64A4}.Debug|Any CPU.Build.0 = Debug|Any CPU
		{787EE533-AF68-40E3-A7B6-01355E4B64A4}.Release|Any CPU.ActiveCfg = Release|Any CPU
		{787EE533-AF68-40E3-A7B6-01355E4B64A4}.Release|Any CPU.Build.0 = Release|Any CPU
	EndGlobalSection
	GlobalSection(SolutionProperties) = preSolution
		HideSolutionNode = FALSE
	EndGlobalSection
	GlobalSection(ExtensibilityGlobals) = postSolution
		SolutionGuid = {2A9CB5E6-F2E6-4D02-8754-3352486129A7}
	EndGlobalSection
EndGlobal
